
Microsoft Visual Studio Solution File, Format Version 12.00
# Visual Studio Version 16
VisualStudioVersion = 16.0.30517.126
MinimumVisualStudioVersion = 10.0.40219.1
Project("{FAE04EC0-301F-11D3-BF4B-00C04F79EFBC}") = "BugTrackerDef", "BugTrackerDef\BugTrackerDef.csproj", "{2CF0DA06-87C9-4588-B8AE-C114F3BD9C76}"
EndProject
Global
	GlobalSection(SolutionConfigurationPlatforms) = preSolution
		Debug|Any CPU = Debug|Any CPU
		Release|Any CPU = Release|Any CPU
	EndGlobalSection
	GlobalSection(ProjectConfigurationPlatforms) = postSolution
		{2CF0DA06-87C9-4588-B8AE-C114F3BD9C76}.Debug|Any CPU.ActiveCfg = Debug|Any CPU
		{2CF0DA06-87C9-4588-B8AE-C114F3BD9C76}.Debug|Any CPU.Build.0 = Debug|Any CPU
		{2CF0DA06-87C9-4588-B8AE-C114F3BD9C76}.Release|Any CPU.ActiveCfg = Release|Any CPU
		{2CF0DA06-87C9-4588-B8AE-C114F3BD9C76}.Release|Any CPU.Build.0 = Release|Any CPU
	EndGlobalSection
	GlobalSection(SolutionProperties) = preSolution
		HideSolutionNode = FALSE
	EndGlobalSection
	GlobalSection(ExtensibilityGlobals) = postSolution
		SolutionGuid = {34715228-812B-446C-A4F0-4874D2417150}
	EndGlobalSection
EndGlobal
